// !$*UTF8*$!
{
	archiveVersion = 1;
	classes = {
	};
	objectVersion = 46;
	objects = {

/* Begin PBXBuildFile section */
		2BCC6B891EFAA04280C1A1EA /* Pods_PurchaseChargeback.framework in Frameworks */ = {isa = PBXBuildFile; fileRef = D3780F61B2861E309F2D8A17 /* Pods_PurchaseChargeback.framework */; };
		3D1321951EBA1BEE002ABF16 /* AppUserInterface.swift in Sources */ = {isa = PBXBuildFile; fileRef = 3D1321941EBA1BEE002ABF16 /* AppUserInterface.swift */; };
		3D38643D1EB3609400D94398 /* Bundle+Additions.swift in Sources */ = {isa = PBXBuildFile; fileRef = 3D38643C1EB3609400D94398 /* Bundle+Additions.swift */; };
		3D38643F1EB3640E00D94398 /* NSAttributedString+Additions.swift in Sources */ = {isa = PBXBuildFile; fileRef = 3D38643E1EB3640E00D94398 /* NSAttributedString+Additions.swift */; };
		3D3864411EB3670A00D94398 /* chargeback-textview.css in Resources */ = {isa = PBXBuildFile; fileRef = 3D3864401EB3670A00D94398 /* chargeback-textview.css */; };
		3D3864451EB38B7500D94398 /* UICustomModalViewController.swift in Sources */ = {isa = PBXBuildFile; fileRef = 3D3864431EB38B7500D94398 /* UICustomModalViewController.swift */; };
		3D3864461EB38B7500D94398 /* UICustomModalViewController.xib in Resources */ = {isa = PBXBuildFile; fileRef = 3D3864441EB38B7500D94398 /* UICustomModalViewController.xib */; };
		3D54BD511EAB88D6000CC9AD /* AppDelegate.swift in Sources */ = {isa = PBXBuildFile; fileRef = 3D54BD501EAB88D6000CC9AD /* AppDelegate.swift */; };
		3D54BD531EAB88D6000CC9AD /* ViewController.swift in Sources */ = {isa = PBXBuildFile; fileRef = 3D54BD521EAB88D6000CC9AD /* ViewController.swift */; };
		3D54BD581EAB88D6000CC9AD /* Assets.xcassets in Resources */ = {isa = PBXBuildFile; fileRef = 3D54BD571EAB88D6000CC9AD /* Assets.xcassets */; };
		3D54BD661EAB88D6000CC9AD /* PurchaseChargebackTests.swift in Sources */ = {isa = PBXBuildFile; fileRef = 3D54BD651EAB88D6000CC9AD /* PurchaseChargebackTests.swift */; };
		3D54BD811EAC4C5B000CC9AD /* NoticeViewController.swift in Sources */ = {isa = PBXBuildFile; fileRef = 3D54BD7F1EAC4C5B000CC9AD /* NoticeViewController.swift */; };
		3D54BD821EAC4C5B000CC9AD /* NoticeViewController.xib in Resources */ = {isa = PBXBuildFile; fileRef = 3D54BD801EAC4C5B000CC9AD /* NoticeViewController.xib */; };
		3D54BD861EAC4E97000CC9AD /* HomeViewController.swift in Sources */ = {isa = PBXBuildFile; fileRef = 3D54BD841EAC4E97000CC9AD /* HomeViewController.swift */; };
		3D54BD871EAC4E97000CC9AD /* HomeViewController.xib in Resources */ = {isa = PBXBuildFile; fileRef = 3D54BD851EAC4E97000CC9AD /* HomeViewController.xib */; };
		3D54BD8B1EACF5BE000CC9AD /* notice-stylesheet.css in Resources */ = {isa = PBXBuildFile; fileRef = 3D54BD8A1EACF5BE000CC9AD /* notice-stylesheet.css */; };
		3D54BD8F1EAD021E000CC9AD /* NoticeActionTableViewCell.swift in Sources */ = {isa = PBXBuildFile; fileRef = 3D54BD8D1EAD021E000CC9AD /* NoticeActionTableViewCell.swift */; };
		3D54BD901EAD021E000CC9AD /* NoticeActionTableViewCell.xib in Resources */ = {isa = PBXBuildFile; fileRef = 3D54BD8E1EAD021E000CC9AD /* NoticeActionTableViewCell.xib */; };
		3D54BD931EAD0440000CC9AD /* UIView+Nib.swift in Sources */ = {isa = PBXBuildFile; fileRef = 3D54BD921EAD0440000CC9AD /* UIView+Nib.swift */; };
		3D54BD991EAD2E27000CC9AD /* UIColor+Hex.swift in Sources */ = {isa = PBXBuildFile; fileRef = 3D54BD981EAD2E27000CC9AD /* UIColor+Hex.swift */; };
		3D54BD9C1EAD2E56000CC9AD /* AppColors.swift in Sources */ = {isa = PBXBuildFile; fileRef = 3D54BD9B1EAD2E56000CC9AD /* AppColors.swift */; };
		3D54BD9E1EAD2E82000CC9AD /* AppFont.swift in Sources */ = {isa = PBXBuildFile; fileRef = 3D54BD9D1EAD2E82000CC9AD /* AppFont.swift */; };
		3D54BDA11EAD33FA000CC9AD /* AppModalContentView.swift in Sources */ = {isa = PBXBuildFile; fileRef = 3D54BDA01EAD33FA000CC9AD /* AppModalContentView.swift */; };
		3D54BDA41EAD3F59000CC9AD /* Localizable.strings in Resources */ = {isa = PBXBuildFile; fileRef = 3D54BDA61EAD3F59000CC9AD /* Localizable.strings */; };
		3D54BDA81EAD4017000CC9AD /* String+Additions.swift in Sources */ = {isa = PBXBuildFile; fileRef = 3D54BDA71EAD4017000CC9AD /* String+Additions.swift */; };
		3D54BDB21EAD48B0000CC9AD /* ChargebackViewController.swift in Sources */ = {isa = PBXBuildFile; fileRef = 3D54BDB01EAD48B0000CC9AD /* ChargebackViewController.swift */; };
		3D54BDB31EAD48B0000CC9AD /* ChargebackViewController.xib in Resources */ = {isa = PBXBuildFile; fileRef = 3D54BDB11EAD48B0000CC9AD /* ChargebackViewController.xib */; };
		3D54BDB71EAD54F7000CC9AD /* ToggleCardStatusButton.swift in Sources */ = {isa = PBXBuildFile; fileRef = 3D54BDB61EAD54F7000CC9AD /* ToggleCardStatusButton.swift */; };
		3D54BDBB1EAD60E4000CC9AD /* ChargebackReasonDetailTableViewCell.swift in Sources */ = {isa = PBXBuildFile; fileRef = 3D54BDB91EAD60E4000CC9AD /* ChargebackReasonDetailTableViewCell.swift */; };
		3D54BDBC1EAD60E4000CC9AD /* ChargebackReasonDetailTableViewCell.xib in Resources */ = {isa = PBXBuildFile; fileRef = 3D54BDBA1EAD60E4000CC9AD /* ChargebackReasonDetailTableViewCell.xib */; };
		3D54BDC01EADFF8C000CC9AD /* AttributedPlaceholderTextView.swift in Sources */ = {isa = PBXBuildFile; fileRef = 3D54BDBF1EADFF8C000CC9AD /* AttributedPlaceholderTextView.swift */; };
		3D74DDF61EBC282B00F8682D /* HomeModule.swift in Sources */ = {isa = PBXBuildFile; fileRef = 3D74DDF51EBC282B00F8682D /* HomeModule.swift */; };
		3D74DDF91EBC286600F8682D /* AppServerAPIStub.swift in Sources */ = {isa = PBXBuildFile; fileRef = 3D74DDF81EBC286600F8682D /* AppServerAPIStub.swift */; };
		3D936B301EB43CB200AE4FB2 /* ChargebackPage.swift in Sources */ = {isa = PBXBuildFile; fileRef = 3D936B2F1EB43CB200AE4FB2 /* ChargebackPage.swift */; };
		3D936B321EB43CD200AE4FB2 /* NoticePage.swift in Sources */ = {isa = PBXBuildFile; fileRef = 3D936B311EB43CD200AE4FB2 /* NoticePage.swift */; };
		3D936B341EB50C2000AE4FB2 /* AppServerAPI.swift in Sources */ = {isa = PBXBuildFile; fileRef = 3D936B331EB50C2000AE4FB2 /* AppServerAPI.swift */; };
		3D936B381EB5231900AE4FB2 /* HomePresenter.swift in Sources */ = {isa = PBXBuildFile; fileRef = 3D936B371EB5231900AE4FB2 /* HomePresenter.swift */; };
		3D936B3A1EB5243300AE4FB2 /* HomeViewWireframe.swift in Sources */ = {isa = PBXBuildFile; fileRef = 3D936B391EB5243300AE4FB2 /* HomeViewWireframe.swift */; };
		3D936B3F1EB52C8000AE4FB2 /* NoticeWireframe.swift in Sources */ = {isa = PBXBuildFile; fileRef = 3D936B3E1EB52C8000AE4FB2 /* NoticeWireframe.swift */; };
		3D936B411EB5328C00AE4FB2 /* AppPage.swift in Sources */ = {isa = PBXBuildFile; fileRef = 3D936B401EB5328C00AE4FB2 /* AppPage.swift */; };
		3D936B431EB532A900AE4FB2 /* AppPageWireframe.swift in Sources */ = {isa = PBXBuildFile; fileRef = 3D936B421EB532A900AE4FB2 /* AppPageWireframe.swift */; };
		3D936B4C1EB75D0D00AE4FB2 /* HomePage.swift in Sources */ = {isa = PBXBuildFile; fileRef = 3D936B4B1EB75D0D00AE4FB2 /* HomePage.swift */; };
		3D936B4F1EB769DE00AE4FB2 /* AppApiLink.swift in Sources */ = {isa = PBXBuildFile; fileRef = 3D936B4E1EB769DE00AE4FB2 /* AppApiLink.swift */; };
		3DBD89D11EB4246100F03604 /* ChargebackPresenter.swift in Sources */ = {isa = PBXBuildFile; fileRef = 3DBD89D01EB4246100F03604 /* ChargebackPresenter.swift */; };
		3DBD89D31EB4253700F03604 /* NoticePresenter.swift in Sources */ = {isa = PBXBuildFile; fileRef = 3DBD89D21EB4253700F03604 /* NoticePresenter.swift */; };
		3DED8B711EB81FE200DE4895 /* ChargebackWireframe.swift in Sources */ = {isa = PBXBuildFile; fileRef = 3DED8B701EB81FE200DE4895 /* ChargebackWireframe.swift */; };
		3DED8B731EB8BC0B00DE4895 /* ReasonDetail.swift in Sources */ = {isa = PBXBuildFile; fileRef = 3DED8B721EB8BC0B00DE4895 /* ReasonDetail.swift */; };
		3DF1DF511EB0D225005FB570 /* UICustomSwitch.swift in Sources */ = {isa = PBXBuildFile; fileRef = 3DF1DF501EB0D225005FB570 /* UICustomSwitch.swift */; };
		E76726FD69E4AD5F799EA0AC /* Pods_PurchaseChargebackTests.framework in Frameworks */ = {isa = PBXBuildFile; fileRef = CDC4135F943322FA6E741AFA /* Pods_PurchaseChargebackTests.framework */; };
/* End PBXBuildFile section */

/* Begin PBXContainerItemProxy section */
		3D54BD621EAB88D6000CC9AD /* PBXContainerItemProxy */ = {
			isa = PBXContainerItemProxy;
			containerPortal = 3D54BD451EAB88D6000CC9AD /* Project object */;
			proxyType = 1;
			remoteGlobalIDString = 3D54BD4C1EAB88D6000CC9AD;
			remoteInfo = PurchaseChargeback;
		};
/* End PBXContainerItemProxy section */

/* Begin PBXFileReference section */
		1E72888AAFCFCAC1028E07F5 /* Pods-PurchaseChargeback.release.xcconfig */ = {isa = PBXFileReference; includeInIndex = 1; lastKnownFileType = text.xcconfig; name = "Pods-PurchaseChargeback.release.xcconfig"; path = "Pods/Target Support Files/Pods-PurchaseChargeback/Pods-PurchaseChargeback.release.xcconfig"; sourceTree = "<group>"; };
		3D1321941EBA1BEE002ABF16 /* AppUserInterface.swift */ = {isa = PBXFileReference; fileEncoding = 4; lastKnownFileType = sourcecode.swift; path = AppUserInterface.swift; sourceTree = "<group>"; };
		3D38643C1EB3609400D94398 /* Bundle+Additions.swift */ = {isa = PBXFileReference; fileEncoding = 4; lastKnownFileType = sourcecode.swift; path = "Bundle+Additions.swift"; sourceTree = "<group>"; };
		3D38643E1EB3640E00D94398 /* NSAttributedString+Additions.swift */ = {isa = PBXFileReference; fileEncoding = 4; lastKnownFileType = sourcecode.swift; path = "NSAttributedString+Additions.swift"; sourceTree = "<group>"; };
		3D3864401EB3670A00D94398 /* chargeback-textview.css */ = {isa = PBXFileReference; fileEncoding = 4; lastKnownFileType = text.css; path = "chargeback-textview.css"; sourceTree = "<group>"; };
		3D3864431EB38B7500D94398 /* UICustomModalViewController.swift */ = {isa = PBXFileReference; fileEncoding = 4; lastKnownFileType = sourcecode.swift; path = UICustomModalViewController.swift; sourceTree = "<group>"; };
		3D3864441EB38B7500D94398 /* UICustomModalViewController.xib */ = {isa = PBXFileReference; fileEncoding = 4; lastKnownFileType = file.xib; path = UICustomModalViewController.xib; sourceTree = "<group>"; };
		3D54BD4D1EAB88D6000CC9AD /* PurchaseChargeback.app */ = {isa = PBXFileReference; explicitFileType = wrapper.application; includeInIndex = 0; path = PurchaseChargeback.app; sourceTree = BUILT_PRODUCTS_DIR; };
		3D54BD501EAB88D6000CC9AD /* AppDelegate.swift */ = {isa = PBXFileReference; lastKnownFileType = sourcecode.swift; path = AppDelegate.swift; sourceTree = "<group>"; };
		3D54BD521EAB88D6000CC9AD /* ViewController.swift */ = {isa = PBXFileReference; lastKnownFileType = sourcecode.swift; path = ViewController.swift; sourceTree = "<group>"; };
		3D54BD571EAB88D6000CC9AD /* Assets.xcassets */ = {isa = PBXFileReference; lastKnownFileType = folder.assetcatalog; path = Assets.xcassets; sourceTree = "<group>"; };
		3D54BD5C1EAB88D6000CC9AD /* Info.plist */ = {isa = PBXFileReference; lastKnownFileType = text.plist.xml; path = Info.plist; sourceTree = "<group>"; };
		3D54BD611EAB88D6000CC9AD /* PurchaseChargebackTests.xctest */ = {isa = PBXFileReference; explicitFileType = wrapper.cfbundle; includeInIndex = 0; path = PurchaseChargebackTests.xctest; sourceTree = BUILT_PRODUCTS_DIR; };
		3D54BD651EAB88D6000CC9AD /* PurchaseChargebackTests.swift */ = {isa = PBXFileReference; lastKnownFileType = sourcecode.swift; path = PurchaseChargebackTests.swift; sourceTree = "<group>"; };
		3D54BD671EAB88D6000CC9AD /* Info.plist */ = {isa = PBXFileReference; lastKnownFileType = text.plist.xml; path = Info.plist; sourceTree = "<group>"; };
		3D54BD701EAB88D6000CC9AD /* PurchaseChargebackUITests.swift */ = {isa = PBXFileReference; lastKnownFileType = sourcecode.swift; path = PurchaseChargebackUITests.swift; sourceTree = "<group>"; };
		3D54BD721EAB88D6000CC9AD /* Info.plist */ = {isa = PBXFileReference; lastKnownFileType = text.plist.xml; path = Info.plist; sourceTree = "<group>"; };
		3D54BD7F1EAC4C5B000CC9AD /* NoticeViewController.swift */ = {isa = PBXFileReference; fileEncoding = 4; lastKnownFileType = sourcecode.swift; path = NoticeViewController.swift; sourceTree = "<group>"; };
		3D54BD801EAC4C5B000CC9AD /* NoticeViewController.xib */ = {isa = PBXFileReference; fileEncoding = 4; lastKnownFileType = file.xib; path = NoticeViewController.xib; sourceTree = "<group>"; };
		3D54BD841EAC4E97000CC9AD /* HomeViewController.swift */ = {isa = PBXFileReference; fileEncoding = 4; lastKnownFileType = sourcecode.swift; path = HomeViewController.swift; sourceTree = "<group>"; };
		3D54BD851EAC4E97000CC9AD /* HomeViewController.xib */ = {isa = PBXFileReference; fileEncoding = 4; lastKnownFileType = file.xib; path = HomeViewController.xib; sourceTree = "<group>"; };
		3D54BD8A1EACF5BE000CC9AD /* notice-stylesheet.css */ = {isa = PBXFileReference; fileEncoding = 4; lastKnownFileType = text.css; path = "notice-stylesheet.css"; sourceTree = "<group>"; };
		3D54BD8D1EAD021E000CC9AD /* NoticeActionTableViewCell.swift */ = {isa = PBXFileReference; fileEncoding = 4; lastKnownFileType = sourcecode.swift; path = NoticeActionTableViewCell.swift; sourceTree = "<group>"; };
		3D54BD8E1EAD021E000CC9AD /* NoticeActionTableViewCell.xib */ = {isa = PBXFileReference; fileEncoding = 4; lastKnownFileType = file.xib; path = NoticeActionTableViewCell.xib; sourceTree = "<group>"; };
		3D54BD921EAD0440000CC9AD /* UIView+Nib.swift */ = {isa = PBXFileReference; fileEncoding = 4; lastKnownFileType = sourcecode.swift; path = "UIView+Nib.swift"; sourceTree = "<group>"; };
		3D54BD981EAD2E27000CC9AD /* UIColor+Hex.swift */ = {isa = PBXFileReference; fileEncoding = 4; lastKnownFileType = sourcecode.swift; path = "UIColor+Hex.swift"; sourceTree = "<group>"; };
		3D54BD9B1EAD2E56000CC9AD /* AppColors.swift */ = {isa = PBXFileReference; fileEncoding = 4; lastKnownFileType = sourcecode.swift; path = AppColors.swift; sourceTree = "<group>"; };
		3D54BD9D1EAD2E82000CC9AD /* AppFont.swift */ = {isa = PBXFileReference; fileEncoding = 4; lastKnownFileType = sourcecode.swift; path = AppFont.swift; sourceTree = "<group>"; };
		3D54BDA01EAD33FA000CC9AD /* AppModalContentView.swift */ = {isa = PBXFileReference; fileEncoding = 4; lastKnownFileType = sourcecode.swift; path = AppModalContentView.swift; sourceTree = "<group>"; };
		3D54BDA71EAD4017000CC9AD /* String+Additions.swift */ = {isa = PBXFileReference; fileEncoding = 4; lastKnownFileType = sourcecode.swift; path = "String+Additions.swift"; sourceTree = "<group>"; };
		3D54BDAC1EAD42CF000CC9AD /* pt-BR */ = {isa = PBXFileReference; lastKnownFileType = text.plist.strings; name = "pt-BR"; path = "pt-BR.lproj/Localizable.strings"; sourceTree = "<group>"; };
		3D54BDB01EAD48B0000CC9AD /* ChargebackViewController.swift */ = {isa = PBXFileReference; fileEncoding = 4; lastKnownFileType = sourcecode.swift; path = ChargebackViewController.swift; sourceTree = "<group>"; };
		3D54BDB11EAD48B0000CC9AD /* ChargebackViewController.xib */ = {isa = PBXFileReference; fileEncoding = 4; lastKnownFileType = file.xib; path = ChargebackViewController.xib; sourceTree = "<group>"; };
		3D54BDB61EAD54F7000CC9AD /* ToggleCardStatusButton.swift */ = {isa = PBXFileReference; fileEncoding = 4; lastKnownFileType = sourcecode.swift; path = ToggleCardStatusButton.swift; sourceTree = "<group>"; };
		3D54BDB91EAD60E4000CC9AD /* ChargebackReasonDetailTableViewCell.swift */ = {isa = PBXFileReference; fileEncoding = 4; lastKnownFileType = sourcecode.swift; path = ChargebackReasonDetailTableViewCell.swift; sourceTree = "<group>"; };
		3D54BDBA1EAD60E4000CC9AD /* ChargebackReasonDetailTableViewCell.xib */ = {isa = PBXFileReference; fileEncoding = 4; lastKnownFileType = file.xib; path = ChargebackReasonDetailTableViewCell.xib; sourceTree = "<group>"; };
		3D54BDBF1EADFF8C000CC9AD /* AttributedPlaceholderTextView.swift */ = {isa = PBXFileReference; fileEncoding = 4; lastKnownFileType = sourcecode.swift; path = AttributedPlaceholderTextView.swift; sourceTree = "<group>"; };
		3D74DDF51EBC282B00F8682D /* HomeModule.swift */ = {isa = PBXFileReference; fileEncoding = 4; lastKnownFileType = sourcecode.swift; path = HomeModule.swift; sourceTree = "<group>"; };
		3D74DDF81EBC286600F8682D /* AppServerAPIStub.swift */ = {isa = PBXFileReference; fileEncoding = 4; lastKnownFileType = sourcecode.swift; path = AppServerAPIStub.swift; sourceTree = "<group>"; };
		3D936B2F1EB43CB200AE4FB2 /* ChargebackPage.swift */ = {isa = PBXFileReference; fileEncoding = 4; lastKnownFileType = sourcecode.swift; path = ChargebackPage.swift; sourceTree = "<group>"; };
		3D936B311EB43CD200AE4FB2 /* NoticePage.swift */ = {isa = PBXFileReference; fileEncoding = 4; lastKnownFileType = sourcecode.swift; path = NoticePage.swift; sourceTree = "<group>"; };
		3D936B331EB50C2000AE4FB2 /* AppServerAPI.swift */ = {isa = PBXFileReference; fileEncoding = 4; lastKnownFileType = sourcecode.swift; path = AppServerAPI.swift; sourceTree = "<group>"; };
		3D936B371EB5231900AE4FB2 /* HomePresenter.swift */ = {isa = PBXFileReference; fileEncoding = 4; lastKnownFileType = sourcecode.swift; path = HomePresenter.swift; sourceTree = "<group>"; };
		3D936B391EB5243300AE4FB2 /* HomeViewWireframe.swift */ = {isa = PBXFileReference; fileEncoding = 4; lastKnownFileType = sourcecode.swift; path = HomeViewWireframe.swift; sourceTree = "<group>"; };
		3D936B3E1EB52C8000AE4FB2 /* NoticeWireframe.swift */ = {isa = PBXFileReference; fileEncoding = 4; lastKnownFileType = sourcecode.swift; path = NoticeWireframe.swift; sourceTree = "<group>"; };
		3D936B401EB5328C00AE4FB2 /* AppPage.swift */ = {isa = PBXFileReference; fileEncoding = 4; lastKnownFileType = sourcecode.swift; path = AppPage.swift; sourceTree = "<group>"; };
		3D936B421EB532A900AE4FB2 /* AppPageWireframe.swift */ = {isa = PBXFileReference; fileEncoding = 4; lastKnownFileType = sourcecode.swift; path = AppPageWireframe.swift; sourceTree = "<group>"; };
		3D936B4B1EB75D0D00AE4FB2 /* HomePage.swift */ = {isa = PBXFileReference; fileEncoding = 4; lastKnownFileType = sourcecode.swift; path = HomePage.swift; sourceTree = "<group>"; };
		3D936B4E1EB769DE00AE4FB2 /* AppApiLink.swift */ = {isa = PBXFileReference; fileEncoding = 4; lastKnownFileType = sourcecode.swift; path = AppApiLink.swift; sourceTree = "<group>"; };
		3DBD89D01EB4246100F03604 /* ChargebackPresenter.swift */ = {isa = PBXFileReference; fileEncoding = 4; lastKnownFileType = sourcecode.swift; path = ChargebackPresenter.swift; sourceTree = "<group>"; };
		3DBD89D21EB4253700F03604 /* NoticePresenter.swift */ = {isa = PBXFileReference; fileEncoding = 4; lastKnownFileType = sourcecode.swift; path = NoticePresenter.swift; sourceTree = "<group>"; };
		3DED8B701EB81FE200DE4895 /* ChargebackWireframe.swift */ = {isa = PBXFileReference; fileEncoding = 4; lastKnownFileType = sourcecode.swift; path = ChargebackWireframe.swift; sourceTree = "<group>"; };
		3DED8B721EB8BC0B00DE4895 /* ReasonDetail.swift */ = {isa = PBXFileReference; fileEncoding = 4; lastKnownFileType = sourcecode.swift; path = ReasonDetail.swift; sourceTree = "<group>"; };
		3DF1DF501EB0D225005FB570 /* UICustomSwitch.swift */ = {isa = PBXFileReference; fileEncoding = 4; lastKnownFileType = sourcecode.swift; path = UICustomSwitch.swift; sourceTree = "<group>"; };
		3E6F83856ABF6AAC3E251336 /* Pods-PurchaseChargebackUITests.release.xcconfig */ = {isa = PBXFileReference; includeInIndex = 1; lastKnownFileType = text.xcconfig; name = "Pods-PurchaseChargebackUITests.release.xcconfig"; path = "Pods/Target Support Files/Pods-PurchaseChargebackUITests/Pods-PurchaseChargebackUITests.release.xcconfig"; sourceTree = "<group>"; };
		4F832363E4B127A8603D0875 /* Pods-PurchaseChargebackTests.debug.xcconfig */ = {isa = PBXFileReference; includeInIndex = 1; lastKnownFileType = text.xcconfig; name = "Pods-PurchaseChargebackTests.debug.xcconfig"; path = "Pods/Target Support Files/Pods-PurchaseChargebackTests/Pods-PurchaseChargebackTests.debug.xcconfig"; sourceTree = "<group>"; };
		977F70B8E76D7A72C79F157F /* Pods-PurchaseChargeback.debug.xcconfig */ = {isa = PBXFileReference; includeInIndex = 1; lastKnownFileType = text.xcconfig; name = "Pods-PurchaseChargeback.debug.xcconfig"; path = "Pods/Target Support Files/Pods-PurchaseChargeback/Pods-PurchaseChargeback.debug.xcconfig"; sourceTree = "<group>"; };
		9C8A1F4C77AD77E1DACF1D4B /* Pods-PurchaseChargebackUITests.debug.xcconfig */ = {isa = PBXFileReference; includeInIndex = 1; lastKnownFileType = text.xcconfig; name = "Pods-PurchaseChargebackUITests.debug.xcconfig"; path = "Pods/Target Support Files/Pods-PurchaseChargebackUITests/Pods-PurchaseChargebackUITests.debug.xcconfig"; sourceTree = "<group>"; };
		A63975188515CC37D981FC53 /* Pods_PurchaseChargebackUITests.framework */ = {isa = PBXFileReference; explicitFileType = wrapper.framework; includeInIndex = 0; path = Pods_PurchaseChargebackUITests.framework; sourceTree = BUILT_PRODUCTS_DIR; };
		BE5A0EE7DE879B65B40F3E0F /* Pods-PurchaseChargebackTests.release.xcconfig */ = {isa = PBXFileReference; includeInIndex = 1; lastKnownFileType = text.xcconfig; name = "Pods-PurchaseChargebackTests.release.xcconfig"; path = "Pods/Target Support Files/Pods-PurchaseChargebackTests/Pods-PurchaseChargebackTests.release.xcconfig"; sourceTree = "<group>"; };
		CDC4135F943322FA6E741AFA /* Pods_PurchaseChargebackTests.framework */ = {isa = PBXFileReference; explicitFileType = wrapper.framework; includeInIndex = 0; path = Pods_PurchaseChargebackTests.framework; sourceTree = BUILT_PRODUCTS_DIR; };
		D3780F61B2861E309F2D8A17 /* Pods_PurchaseChargeback.framework */ = {isa = PBXFileReference; explicitFileType = wrapper.framework; includeInIndex = 0; path = Pods_PurchaseChargeback.framework; sourceTree = BUILT_PRODUCTS_DIR; };
/* End PBXFileReference section */

/* Begin PBXFrameworksBuildPhase section */
		3D54BD4A1EAB88D6000CC9AD /* Frameworks */ = {
			isa = PBXFrameworksBuildPhase;
			buildActionMask = 2147483647;
			files = (
				2BCC6B891EFAA04280C1A1EA /* Pods_PurchaseChargeback.framework in Frameworks */,
			);
			runOnlyForDeploymentPostprocessing = 0;
		};
		3D54BD5E1EAB88D6000CC9AD /* Frameworks */ = {
			isa = PBXFrameworksBuildPhase;
			buildActionMask = 2147483647;
			files = (
				E76726FD69E4AD5F799EA0AC /* Pods_PurchaseChargebackTests.framework in Frameworks */,
			);
			runOnlyForDeploymentPostprocessing = 0;
		};
/* End PBXFrameworksBuildPhase section */

/* Begin PBXGroup section */
		3D3864421EB38B3300D94398 /* UICustomModalViewController */ = {
			isa = PBXGroup;
			children = (
				3D3864431EB38B7500D94398 /* UICustomModalViewController.swift */,
				3D3864441EB38B7500D94398 /* UICustomModalViewController.xib */,
			);
			name = UICustomModalViewController;
			sourceTree = "<group>";
		};
		3D54BD441EAB88D6000CC9AD = {
			isa = PBXGroup;
			children = (
				3D54BD4F1EAB88D6000CC9AD /* PurchaseChargeback */,
				3D54BD641EAB88D6000CC9AD /* PurchaseChargebackTests */,
				3D54BD6F1EAB88D6000CC9AD /* PurchaseChargebackUITests */,
				3D54BD4E1EAB88D6000CC9AD /* Products */,
				909E735375CBD2A34DEC14C8 /* Pods */,
				A0850FF81B5FDD70C1E2CEE3 /* Frameworks */,
			);
			sourceTree = "<group>";
		};
		3D54BD4E1EAB88D6000CC9AD /* Products */ = {
			isa = PBXGroup;
			children = (
				3D54BD4D1EAB88D6000CC9AD /* PurchaseChargeback.app */,
				3D54BD611EAB88D6000CC9AD /* PurchaseChargebackTests.xctest */,
			);
			name = Products;
			sourceTree = "<group>";
		};
		3D54BD4F1EAB88D6000CC9AD /* PurchaseChargeback */ = {
			isa = PBXGroup;
			children = (
				3D54BDB41EAD48C9000CC9AD /* Viewcontrollers */,
				3D54BD9A1EAD2E4C000CC9AD /* General */,
				3D54BD891EACF59D000CC9AD /* Resources */,
				3D54BD501EAB88D6000CC9AD /* AppDelegate.swift */,
				3D54BD521EAB88D6000CC9AD /* ViewController.swift */,
				3D54BD571EAB88D6000CC9AD /* Assets.xcassets */,
				3D54BD5C1EAB88D6000CC9AD /* Info.plist */,
			);
			path = PurchaseChargeback;
			sourceTree = "<group>";
		};
		3D54BD641EAB88D6000CC9AD /* PurchaseChargebackTests */ = {
			isa = PBXGroup;
			children = (
				3D74DDF71EBC283700F8682D /* Stubs */,
				3D54BD651EAB88D6000CC9AD /* PurchaseChargebackTests.swift */,
				3D54BD671EAB88D6000CC9AD /* Info.plist */,
				3D74DDF51EBC282B00F8682D /* HomeModule.swift */,
			);
			path = PurchaseChargebackTests;
			sourceTree = "<group>";
		};
		3D54BD6F1EAB88D6000CC9AD /* PurchaseChargebackUITests */ = {
			isa = PBXGroup;
			children = (
				3D54BD701EAB88D6000CC9AD /* PurchaseChargebackUITests.swift */,
				3D54BD721EAB88D6000CC9AD /* Info.plist */,
			);
			path = PurchaseChargebackUITests;
			sourceTree = "<group>";
		};
		3D54BD7E1EAC4C3B000CC9AD /* NoticeViewController */ = {
			isa = PBXGroup;
			children = (
				3D54BD941EAD0654000CC9AD /* Views */,
				3D936B311EB43CD200AE4FB2 /* NoticePage.swift */,
				3DBD89D21EB4253700F03604 /* NoticePresenter.swift */,
				3D54BD7F1EAC4C5B000CC9AD /* NoticeViewController.swift */,
				3D54BD801EAC4C5B000CC9AD /* NoticeViewController.xib */,
				3D936B3E1EB52C8000AE4FB2 /* NoticeWireframe.swift */,
			);
			name = NoticeViewController;
			sourceTree = "<group>";
		};
		3D54BD831EAC4D46000CC9AD /* HomeViewController */ = {
			isa = PBXGroup;
			children = (
				3D54BD841EAC4E97000CC9AD /* HomeViewController.swift */,
				3D54BD851EAC4E97000CC9AD /* HomeViewController.xib */,
				3D936B371EB5231900AE4FB2 /* HomePresenter.swift */,
				3D936B391EB5243300AE4FB2 /* HomeViewWireframe.swift */,
				3D936B4B1EB75D0D00AE4FB2 /* HomePage.swift */,
			);
			name = HomeViewController;
			sourceTree = "<group>";
		};
		3D54BD891EACF59D000CC9AD /* Resources */ = {
			isa = PBXGroup;
			children = (
				3D54BD8A1EACF5BE000CC9AD /* notice-stylesheet.css */,
				3D54BDA61EAD3F59000CC9AD /* Localizable.strings */,
				3D3864401EB3670A00D94398 /* chargeback-textview.css */,
			);
			name = Resources;
			sourceTree = "<group>";
		};
		3D54BD8C1EAD0204000CC9AD /* NoticeActionTableViewCell */ = {
			isa = PBXGroup;
			children = (
				3D54BD8D1EAD021E000CC9AD /* NoticeActionTableViewCell.swift */,
				3D54BD8E1EAD021E000CC9AD /* NoticeActionTableViewCell.xib */,
			);
			name = NoticeActionTableViewCell;
			sourceTree = "<group>";
		};
		3D54BD911EAD0427000CC9AD /* Extensions */ = {
			isa = PBXGroup;
			children = (
				3D54BD921EAD0440000CC9AD /* UIView+Nib.swift */,
				3D54BD981EAD2E27000CC9AD /* UIColor+Hex.swift */,
				3D54BDA71EAD4017000CC9AD /* String+Additions.swift */,
				3D38643C1EB3609400D94398 /* Bundle+Additions.swift */,
				3D38643E1EB3640E00D94398 /* NSAttributedString+Additions.swift */,
			);
			name = Extensions;
			sourceTree = "<group>";
		};
		3D54BD941EAD0654000CC9AD /* Views */ = {
			isa = PBXGroup;
			children = (
				3D54BD8C1EAD0204000CC9AD /* NoticeActionTableViewCell */,
			);
			name = Views;
			sourceTree = "<group>";
		};
		3D54BD9A1EAD2E4C000CC9AD /* General */ = {
			isa = PBXGroup;
			children = (
				3D936B481EB6E31300AE4FB2 /* Models */,
				3D936B3B1EB52B1600AE4FB2 /* Protocols */,
				3D54BD911EAD0427000CC9AD /* Extensions */,
				3D54BD9F1EAD33E6000CC9AD /* Views */,
				3D54BD9B1EAD2E56000CC9AD /* AppColors.swift */,
				3D54BD9D1EAD2E82000CC9AD /* AppFont.swift */,
				3D936B331EB50C2000AE4FB2 /* AppServerAPI.swift */,
			);
			name = General;
			sourceTree = "<group>";
		};
		3D54BD9F1EAD33E6000CC9AD /* Views */ = {
			isa = PBXGroup;
			children = (
				3D3864421EB38B3300D94398 /* UICustomModalViewController */,
				3D54BDA01EAD33FA000CC9AD /* AppModalContentView.swift */,
				3D54BDBF1EADFF8C000CC9AD /* AttributedPlaceholderTextView.swift */,
				3DF1DF501EB0D225005FB570 /* UICustomSwitch.swift */,
			);
			name = Views;
			sourceTree = "<group>";
		};
		3D54BDAF1EAD489B000CC9AD /* ChargebackViewController */ = {
			isa = PBXGroup;
			children = (
				3D936B2F1EB43CB200AE4FB2 /* ChargebackPage.swift */,
				3DBD89D01EB4246100F03604 /* ChargebackPresenter.swift */,
				3D54BDB01EAD48B0000CC9AD /* ChargebackViewController.swift */,
				3D54BDB11EAD48B0000CC9AD /* ChargebackViewController.xib */,
				3DED8B701EB81FE200DE4895 /* ChargebackWireframe.swift */,
				3D54BDB51EAD4FD7000CC9AD /* Views */,
			);
			name = ChargebackViewController;
			sourceTree = "<group>";
		};
		3D54BDB41EAD48C9000CC9AD /* Viewcontrollers */ = {
			isa = PBXGroup;
			children = (
				3D54BDAF1EAD489B000CC9AD /* ChargebackViewController */,
				3D54BD7E1EAC4C3B000CC9AD /* NoticeViewController */,
				3D54BD831EAC4D46000CC9AD /* HomeViewController */,
			);
			name = Viewcontrollers;
			sourceTree = "<group>";
		};
		3D54BDB51EAD4FD7000CC9AD /* Views */ = {
			isa = PBXGroup;
			children = (
				3D54BDB81EAD60BB000CC9AD /* ChargebackReasonDetailTableViewCell */,
				3D54BDB61EAD54F7000CC9AD /* ToggleCardStatusButton.swift */,
			);
			name = Views;
			sourceTree = "<group>";
		};
		3D54BDB81EAD60BB000CC9AD /* ChargebackReasonDetailTableViewCell */ = {
			isa = PBXGroup;
			children = (
				3D54BDB91EAD60E4000CC9AD /* ChargebackReasonDetailTableViewCell.swift */,
				3D54BDBA1EAD60E4000CC9AD /* ChargebackReasonDetailTableViewCell.xib */,
			);
			name = ChargebackReasonDetailTableViewCell;
			sourceTree = "<group>";
		};
		3D74DDF71EBC283700F8682D /* Stubs */ = {
			isa = PBXGroup;
			children = (
				3D74DDF81EBC286600F8682D /* AppServerAPIStub.swift */,
			);
			name = Stubs;
			sourceTree = "<group>";
		};
		3D936B3B1EB52B1600AE4FB2 /* Protocols */ = {
			isa = PBXGroup;
			children = (
				3D936B401EB5328C00AE4FB2 /* AppPage.swift */,
				3D936B421EB532A900AE4FB2 /* AppPageWireframe.swift */,
				3D1321941EBA1BEE002ABF16 /* AppUserInterface.swift */,
			);
			name = Protocols;
			sourceTree = "<group>";
		};
		3D936B481EB6E31300AE4FB2 /* Models */ = {
			isa = PBXGroup;
			children = (
				3D936B4E1EB769DE00AE4FB2 /* AppApiLink.swift */,
				3DED8B721EB8BC0B00DE4895 /* ReasonDetail.swift */,
			);
			name = Models;
			sourceTree = "<group>";
		};
		909E735375CBD2A34DEC14C8 /* Pods */ = {
			isa = PBXGroup;
			children = (
				977F70B8E76D7A72C79F157F /* Pods-PurchaseChargeback.debug.xcconfig */,
				1E72888AAFCFCAC1028E07F5 /* Pods-PurchaseChargeback.release.xcconfig */,
				4F832363E4B127A8603D0875 /* Pods-PurchaseChargebackTests.debug.xcconfig */,
				BE5A0EE7DE879B65B40F3E0F /* Pods-PurchaseChargebackTests.release.xcconfig */,
				9C8A1F4C77AD77E1DACF1D4B /* Pods-PurchaseChargebackUITests.debug.xcconfig */,
				3E6F83856ABF6AAC3E251336 /* Pods-PurchaseChargebackUITests.release.xcconfig */,
			);
			name = Pods;
			sourceTree = "<group>";
		};
		A0850FF81B5FDD70C1E2CEE3 /* Frameworks */ = {
			isa = PBXGroup;
			children = (
				D3780F61B2861E309F2D8A17 /* Pods_PurchaseChargeback.framework */,
				CDC4135F943322FA6E741AFA /* Pods_PurchaseChargebackTests.framework */,
				A63975188515CC37D981FC53 /* Pods_PurchaseChargebackUITests.framework */,
			);
			name = Frameworks;
			sourceTree = "<group>";
		};
/* End PBXGroup section */

/* Begin PBXNativeTarget section */
		3D54BD4C1EAB88D6000CC9AD /* PurchaseChargeback */ = {
			isa = PBXNativeTarget;
			buildConfigurationList = 3D54BD751EAB88D6000CC9AD /* Build configuration list for PBXNativeTarget "PurchaseChargeback" */;
			buildPhases = (
				8B8B8753F8429AC60BB4E1B9 /* [CP] Check Pods Manifest.lock */,
				3D54BD491EAB88D6000CC9AD /* Sources */,
				3D54BD4A1EAB88D6000CC9AD /* Frameworks */,
				3D54BD4B1EAB88D6000CC9AD /* Resources */,
				1A447E94A4B6859B8923D0F9 /* [CP] Embed Pods Frameworks */,
				CC1193A0CB6764B172753135 /* [CP] Copy Pods Resources */,
			);
			buildRules = (
			);
			dependencies = (
			);
			name = PurchaseChargeback;
			productName = PurchaseChargeback;
			productReference = 3D54BD4D1EAB88D6000CC9AD /* PurchaseChargeback.app */;
			productType = "com.apple.product-type.application";
		};
		3D54BD601EAB88D6000CC9AD /* PurchaseChargebackTests */ = {
			isa = PBXNativeTarget;
			buildConfigurationList = 3D54BD781EAB88D6000CC9AD /* Build configuration list for PBXNativeTarget "PurchaseChargebackTests" */;
			buildPhases = (
				32BD1853D41E16494C68A878 /* [CP] Check Pods Manifest.lock */,
				3D54BD5D1EAB88D6000CC9AD /* Sources */,
				3D54BD5E1EAB88D6000CC9AD /* Frameworks */,
				3D54BD5F1EAB88D6000CC9AD /* Resources */,
				F5AB4CB9534C55C33A199674 /* [CP] Embed Pods Frameworks */,
				7BAA372F518A6375BA55CB32 /* [CP] Copy Pods Resources */,
			);
			buildRules = (
			);
			dependencies = (
				3D54BD631EAB88D6000CC9AD /* PBXTargetDependency */,
			);
			name = PurchaseChargebackTests;
			productName = PurchaseChargebackTests;
			productReference = 3D54BD611EAB88D6000CC9AD /* PurchaseChargebackTests.xctest */;
			productType = "com.apple.product-type.bundle.unit-test";
		};
/* End PBXNativeTarget section */

/* Begin PBXProject section */
		3D54BD451EAB88D6000CC9AD /* Project object */ = {
			isa = PBXProject;
			attributes = {
				LastSwiftUpdateCheck = 0820;
				LastUpgradeCheck = 0820;
				ORGANIZATIONNAME = lilohass;
				TargetAttributes = {
					3D54BD4C1EAB88D6000CC9AD = {
						CreatedOnToolsVersion = 8.2;
						DevelopmentTeam = R8DRDAPLCP;
						ProvisioningStyle = Automatic;
					};
					3D54BD601EAB88D6000CC9AD = {
						CreatedOnToolsVersion = 8.2;
						DevelopmentTeam = R8DRDAPLCP;
						ProvisioningStyle = Automatic;
						TestTargetID = 3D54BD4C1EAB88D6000CC9AD;
					};
				};
			};
			buildConfigurationList = 3D54BD481EAB88D6000CC9AD /* Build configuration list for PBXProject "PurchaseChargeback" */;
			compatibilityVersion = "Xcode 3.2";
			developmentRegion = English;
			hasScannedForEncodings = 0;
			knownRegions = (
				"pt-BR",
			);
			mainGroup = 3D54BD441EAB88D6000CC9AD;
			productRefGroup = 3D54BD4E1EAB88D6000CC9AD /* Products */;
			projectDirPath = "";
			projectRoot = "";
			targets = (
				3D54BD4C1EAB88D6000CC9AD /* PurchaseChargeback */,
				3D54BD601EAB88D6000CC9AD /* PurchaseChargebackTests */,
			);
		};
/* End PBXProject section */

/* Begin PBXResourcesBuildPhase section */
		3D54BD4B1EAB88D6000CC9AD /* Resources */ = {
			isa = PBXResourcesBuildPhase;
			buildActionMask = 2147483647;
			files = (
				3D3864411EB3670A00D94398 /* chargeback-textview.css in Resources */,
				3D3864461EB38B7500D94398 /* UICustomModalViewController.xib in Resources */,
				3D54BD581EAB88D6000CC9AD /* Assets.xcassets in Resources */,
				3D54BDBC1EAD60E4000CC9AD /* ChargebackReasonDetailTableViewCell.xib in Resources */,
				3D54BD871EAC4E97000CC9AD /* HomeViewController.xib in Resources */,
				3D54BD8B1EACF5BE000CC9AD /* notice-stylesheet.css in Resources */,
				3D54BD821EAC4C5B000CC9AD /* NoticeViewController.xib in Resources */,
				3D54BDA41EAD3F59000CC9AD /* Localizable.strings in Resources */,
				3D54BDB31EAD48B0000CC9AD /* ChargebackViewController.xib in Resources */,
				3D54BD901EAD021E000CC9AD /* NoticeActionTableViewCell.xib in Resources */,
			);
			runOnlyForDeploymentPostprocessing = 0;
		};
		3D54BD5F1EAB88D6000CC9AD /* Resources */ = {
			isa = PBXResourcesBuildPhase;
			buildActionMask = 2147483647;
			files = (
			);
			runOnlyForDeploymentPostprocessing = 0;
		};
/* End PBXResourcesBuildPhase section */

/* Begin PBXShellScriptBuildPhase section */
		1A447E94A4B6859B8923D0F9 /* [CP] Embed Pods Frameworks */ = {
			isa = PBXShellScriptBuildPhase;
			buildActionMask = 2147483647;
			files = (
			);
			inputPaths = (
			);
			name = "[CP] Embed Pods Frameworks";
			outputPaths = (
			);
			runOnlyForDeploymentPostprocessing = 0;
			shellPath = /bin/sh;
			shellScript = "\"${SRCROOT}/Pods/Target Support Files/Pods-PurchaseChargeback/Pods-PurchaseChargeback-frameworks.sh\"\n";
			showEnvVarsInLog = 0;
		};
		32BD1853D41E16494C68A878 /* [CP] Check Pods Manifest.lock */ = {
			isa = PBXShellScriptBuildPhase;
			buildActionMask = 2147483647;
			files = (
			);
			inputPaths = (
			);
			name = "[CP] Check Pods Manifest.lock";
			outputPaths = (
			);
			runOnlyForDeploymentPostprocessing = 0;
			shellPath = /bin/sh;
			shellScript = "diff \"${PODS_ROOT}/../Podfile.lock\" \"${PODS_ROOT}/Manifest.lock\" > /dev/null\nif [ $? != 0 ] ; then\n    # print error to STDERR\n    echo \"error: The sandbox is not in sync with the Podfile.lock. Run 'pod install' or update your CocoaPods installation.\" >&2\n    exit 1\nfi\n";
			showEnvVarsInLog = 0;
		};
		7BAA372F518A6375BA55CB32 /* [CP] Copy Pods Resources */ = {
			isa = PBXShellScriptBuildPhase;
			buildActionMask = 2147483647;
			files = (
			);
			inputPaths = (
			);
			name = "[CP] Copy Pods Resources";
			outputPaths = (
			);
			runOnlyForDeploymentPostprocessing = 0;
			shellPath = /bin/sh;
			shellScript = "\"${SRCROOT}/Pods/Target Support Files/Pods-PurchaseChargebackTests/Pods-PurchaseChargebackTests-resources.sh\"\n";
			showEnvVarsInLog = 0;
		};
		8B8B8753F8429AC60BB4E1B9 /* [CP] Check Pods Manifest.lock */ = {
			isa = PBXShellScriptBuildPhase;
			buildActionMask = 2147483647;
			files = (
			);
			inputPaths = (
			);
			name = "[CP] Check Pods Manifest.lock";
			outputPaths = (
			);
			runOnlyForDeploymentPostprocessing = 0;
			shellPath = /bin/sh;
			shellScript = "diff \"${PODS_ROOT}/../Podfile.lock\" \"${PODS_ROOT}/Manifest.lock\" > /dev/null\nif [ $? != 0 ] ; then\n    # print error to STDERR\n    echo \"error: The sandbox is not in sync with the Podfile.lock. Run 'pod install' or update your CocoaPods installation.\" >&2\n    exit 1\nfi\n";
			showEnvVarsInLog = 0;
		};
		CC1193A0CB6764B172753135 /* [CP] Copy Pods Resources */ = {
			isa = PBXShellScriptBuildPhase;
			buildActionMask = 2147483647;
			files = (
			);
			inputPaths = (
			);
			name = "[CP] Copy Pods Resources";
			outputPaths = (
			);
			runOnlyForDeploymentPostprocessing = 0;
			shellPath = /bin/sh;
			shellScript = "\"${SRCROOT}/Pods/Target Support Files/Pods-PurchaseChargeback/Pods-PurchaseChargeback-resources.sh\"\n";
			showEnvVarsInLog = 0;
		};
		F5AB4CB9534C55C33A199674 /* [CP] Embed Pods Frameworks */ = {
			isa = PBXShellScriptBuildPhase;
			buildActionMask = 2147483647;
			files = (
			);
			inputPaths = (
			);
			name = "[CP] Embed Pods Frameworks";
			outputPaths = (
			);
			runOnlyForDeploymentPostprocessing = 0;
			shellPath = /bin/sh;
			shellScript = "\"${SRCROOT}/Pods/Target Support Files/Pods-PurchaseChargebackTests/Pods-PurchaseChargebackTests-frameworks.sh\"\n";
			showEnvVarsInLog = 0;
		};
/* End PBXShellScriptBuildPhase section */

/* Begin PBXSourcesBuildPhase section */
		3D54BD491EAB88D6000CC9AD /* Sources */ = {
			isa = PBXSourcesBuildPhase;
			buildActionMask = 2147483647;
			files = (
				3D38643F1EB3640E00D94398 /* NSAttributedString+Additions.swift in Sources */,
				3D54BD9C1EAD2E56000CC9AD /* AppColors.swift in Sources */,
				3D54BDB71EAD54F7000CC9AD /* ToggleCardStatusButton.swift in Sources */,
				3D54BDB21EAD48B0000CC9AD /* ChargebackViewController.swift in Sources */,
				3DED8B731EB8BC0B00DE4895 /* ReasonDetail.swift in Sources */,
				3D54BDBB1EAD60E4000CC9AD /* ChargebackReasonDetailTableViewCell.swift in Sources */,
				3D3864451EB38B7500D94398 /* UICustomModalViewController.swift in Sources */,
				3D936B321EB43CD200AE4FB2 /* NoticePage.swift in Sources */,
				3D936B341EB50C2000AE4FB2 /* AppServerAPI.swift in Sources */,
				3D936B411EB5328C00AE4FB2 /* AppPage.swift in Sources */,
				3D936B3F1EB52C8000AE4FB2 /* NoticeWireframe.swift in Sources */,
				3D936B381EB5231900AE4FB2 /* HomePresenter.swift in Sources */,
				3D54BD531EAB88D6000CC9AD /* ViewController.swift in Sources */,
				3D936B301EB43CB200AE4FB2 /* ChargebackPage.swift in Sources */,
				3D54BDC01EADFF8C000CC9AD /* AttributedPlaceholderTextView.swift in Sources */,
				3D936B4C1EB75D0D00AE4FB2 /* HomePage.swift in Sources */,
				3D54BDA81EAD4017000CC9AD /* String+Additions.swift in Sources */,
				3DF1DF511EB0D225005FB570 /* UICustomSwitch.swift in Sources */,
				3D54BD991EAD2E27000CC9AD /* UIColor+Hex.swift in Sources */,
				3D54BD811EAC4C5B000CC9AD /* NoticeViewController.swift in Sources */,
				3D38643D1EB3609400D94398 /* Bundle+Additions.swift in Sources */,
				3DED8B711EB81FE200DE4895 /* ChargebackWireframe.swift in Sources */,
				3D54BD511EAB88D6000CC9AD /* AppDelegate.swift in Sources */,
				3DBD89D31EB4253700F03604 /* NoticePresenter.swift in Sources */,
				3D54BDA11EAD33FA000CC9AD /* AppModalContentView.swift in Sources */,
				3D936B4F1EB769DE00AE4FB2 /* AppApiLink.swift in Sources */,
				3DBD89D11EB4246100F03604 /* ChargebackPresenter.swift in Sources */,
				3D54BD861EAC4E97000CC9AD /* HomeViewController.swift in Sources */,
				3D54BD9E1EAD2E82000CC9AD /* AppFont.swift in Sources */,
				3D54BD931EAD0440000CC9AD /* UIView+Nib.swift in Sources */,
				3D936B3A1EB5243300AE4FB2 /* HomeViewWireframe.swift in Sources */,
				3D54BD8F1EAD021E000CC9AD /* NoticeActionTableViewCell.swift in Sources */,
				3D1321951EBA1BEE002ABF16 /* AppUserInterface.swift in Sources */,
				3D936B431EB532A900AE4FB2 /* AppPageWireframe.swift in Sources */,
			);
			runOnlyForDeploymentPostprocessing = 0;
		};
		3D54BD5D1EAB88D6000CC9AD /* Sources */ = {
			isa = PBXSourcesBuildPhase;
			buildActionMask = 2147483647;
			files = (
				3D74DDF61EBC282B00F8682D /* HomeModule.swift in Sources */,
				3D74DDF91EBC286600F8682D /* AppServerAPIStub.swift in Sources */,
				3D54BD661EAB88D6000CC9AD /* PurchaseChargebackTests.swift in Sources */,
			);
			runOnlyForDeploymentPostprocessing = 0;
		};
/* End PBXSourcesBuildPhase section */

/* Begin PBXTargetDependency section */
		3D54BD631EAB88D6000CC9AD /* PBXTargetDependency */ = {
			isa = PBXTargetDependency;
			target = 3D54BD4C1EAB88D6000CC9AD /* PurchaseChargeback */;
			targetProxy = 3D54BD621EAB88D6000CC9AD /* PBXContainerItemProxy */;
		};
/* End PBXTargetDependency section */

/* Begin PBXVariantGroup section */
		3D54BDA61EAD3F59000CC9AD /* Localizable.strings */ = {
			isa = PBXVariantGroup;
			children = (
				3D54BDAC1EAD42CF000CC9AD /* pt-BR */,
			);
			name = Localizable.strings;
			sourceTree = "<group>";
		};
/* End PBXVariantGroup section */

/* Begin XCBuildConfiguration section */
		3D54BD731EAB88D6000CC9AD /* Debug */ = {
			isa = XCBuildConfiguration;
			buildSettings = {
				ALWAYS_SEARCH_USER_PATHS = NO;
				CLANG_ANALYZER_LOCALIZABILITY_NONLOCALIZED = YES;
				CLANG_ANALYZER_NONNULL = YES;
				CLANG_CXX_LANGUAGE_STANDARD = "gnu++0x";
				CLANG_CXX_LIBRARY = "libc++";
				CLANG_ENABLE_MODULES = YES;
				CLANG_ENABLE_OBJC_ARC = YES;
				CLANG_WARN_BOOL_CONVERSION = YES;
				CLANG_WARN_CONSTANT_CONVERSION = YES;
				CLANG_WARN_DIRECT_OBJC_ISA_USAGE = YES_ERROR;
				CLANG_WARN_DOCUMENTATION_COMMENTS = YES;
				CLANG_WARN_EMPTY_BODY = YES;
				CLANG_WARN_ENUM_CONVERSION = YES;
				CLANG_WARN_INFINITE_RECURSION = YES;
				CLANG_WARN_INT_CONVERSION = YES;
				CLANG_WARN_OBJC_ROOT_CLASS = YES_ERROR;
				CLANG_WARN_SUSPICIOUS_MOVE = YES;
				CLANG_WARN_UNREACHABLE_CODE = YES;
				CLANG_WARN__DUPLICATE_METHOD_MATCH = YES;
				"CODE_SIGN_IDENTITY[sdk=iphoneos*]" = "iPhone Developer";
				COPY_PHASE_STRIP = NO;
				DEBUG_INFORMATION_FORMAT = dwarf;
				ENABLE_STRICT_OBJC_MSGSEND = YES;
				ENABLE_TESTABILITY = YES;
				GCC_C_LANGUAGE_STANDARD = gnu99;
				GCC_DYNAMIC_NO_PIC = NO;
				GCC_NO_COMMON_BLOCKS = YES;
				GCC_OPTIMIZATION_LEVEL = 0;
				GCC_PREPROCESSOR_DEFINITIONS = (
					"DEBUG=1",
					"$(inherited)",
				);
				GCC_WARN_64_TO_32_BIT_CONVERSION = YES;
				GCC_WARN_ABOUT_RETURN_TYPE = YES_ERROR;
				GCC_WARN_UNDECLARED_SELECTOR = YES;
				GCC_WARN_UNINITIALIZED_AUTOS = YES_AGGRESSIVE;
				GCC_WARN_UNUSED_FUNCTION = YES;
				GCC_WARN_UNUSED_VARIABLE = YES;
				IPHONEOS_DEPLOYMENT_TARGET = 9.0;
				MTL_ENABLE_DEBUG_INFO = YES;
				ONLY_ACTIVE_ARCH = YES;
				SDKROOT = iphoneos;
				SWIFT_ACTIVE_COMPILATION_CONDITIONS = DEBUG;
				SWIFT_OPTIMIZATION_LEVEL = "-Onone";
				TARGETED_DEVICE_FAMILY = "1,2";
			};
			name = Debug;
		};
		3D54BD741EAB88D6000CC9AD /* Release */ = {
			isa = XCBuildConfiguration;
			buildSettings = {
				ALWAYS_SEARCH_USER_PATHS = NO;
				CLANG_ANALYZER_LOCALIZABILITY_NONLOCALIZED = YES;
				CLANG_ANALYZER_NONNULL = YES;
				CLANG_CXX_LANGUAGE_STANDARD = "gnu++0x";
				CLANG_CXX_LIBRARY = "libc++";
				CLANG_ENABLE_MODULES = YES;
				CLANG_ENABLE_OBJC_ARC = YES;
				CLANG_WARN_BOOL_CONVERSION = YES;
				CLANG_WARN_CONSTANT_CONVERSION = YES;
				CLANG_WARN_DIRECT_OBJC_ISA_USAGE = YES_ERROR;
				CLANG_WARN_DOCUMENTATION_COMMENTS = YES;
				CLANG_WARN_EMPTY_BODY = YES;
				CLANG_WARN_ENUM_CONVERSION = YES;
				CLANG_WARN_INFINITE_RECURSION = YES;
				CLANG_WARN_INT_CONVERSION = YES;
				CLANG_WARN_OBJC_ROOT_CLASS = YES_ERROR;
				CLANG_WARN_SUSPICIOUS_MOVE = YES;
				CLANG_WARN_UNREACHABLE_CODE = YES;
				CLANG_WARN__DUPLICATE_METHOD_MATCH = YES;
				"CODE_SIGN_IDENTITY[sdk=iphoneos*]" = "iPhone Developer";
				COPY_PHASE_STRIP = NO;
				DEBUG_INFORMATION_FORMAT = "dwarf-with-dsym";
				ENABLE_NS_ASSERTIONS = NO;
				ENABLE_STRICT_OBJC_MSGSEND = YES;
				GCC_C_LANGUAGE_STANDARD = gnu99;
				GCC_NO_COMMON_BLOCKS = YES;
				GCC_WARN_64_TO_32_BIT_CONVERSION = YES;
				GCC_WARN_ABOUT_RETURN_TYPE = YES_ERROR;
				GCC_WARN_UNDECLARED_SELECTOR = YES;
				GCC_WARN_UNINITIALIZED_AUTOS = YES_AGGRESSIVE;
				GCC_WARN_UNUSED_FUNCTION = YES;
				GCC_WARN_UNUSED_VARIABLE = YES;
				IPHONEOS_DEPLOYMENT_TARGET = 9.0;
				MTL_ENABLE_DEBUG_INFO = NO;
				SDKROOT = iphoneos;
				SWIFT_OPTIMIZATION_LEVEL = "-Owholemodule";
				TARGETED_DEVICE_FAMILY = "1,2";
				VALIDATE_PRODUCT = YES;
			};
			name = Release;
		};
		3D54BD761EAB88D6000CC9AD /* Debug */ = {
			isa = XCBuildConfiguration;
			baseConfigurationReference = 977F70B8E76D7A72C79F157F /* Pods-PurchaseChargeback.debug.xcconfig */;
			buildSettings = {
				ASSETCATALOG_COMPILER_APPICON_NAME = AppIcon;
				DEVELOPMENT_TEAM = R8DRDAPLCP;
				INFOPLIST_FILE = PurchaseChargeback/Info.plist;
				LD_RUNPATH_SEARCH_PATHS = "$(inherited) @executable_path/Frameworks";
				PRODUCT_BUNDLE_IDENTIFIER = com.lilohass.PurchaseChargeback;
				PRODUCT_NAME = "$(TARGET_NAME)";
				SWIFT_VERSION = 3.0;
				TARGETED_DEVICE_FAMILY = 1;
			};
			name = Debug;
		};
		3D54BD771EAB88D6000CC9AD /* Release */ = {
			isa = XCBuildConfiguration;
			baseConfigurationReference = 1E72888AAFCFCAC1028E07F5 /* Pods-PurchaseChargeback.release.xcconfig */;
			buildSettings = {
				ASSETCATALOG_COMPILER_APPICON_NAME = AppIcon;
				DEVELOPMENT_TEAM = R8DRDAPLCP;
				INFOPLIST_FILE = PurchaseChargeback/Info.plist;
				LD_RUNPATH_SEARCH_PATHS = "$(inherited) @executable_path/Frameworks";
				PRODUCT_BUNDLE_IDENTIFIER = com.lilohass.PurchaseChargeback;
				PRODUCT_NAME = "$(TARGET_NAME)";
				SWIFT_VERSION = 3.0;
				TARGETED_DEVICE_FAMILY = 1;
			};
			name = Release;
		};
		3D54BD791EAB88D6000CC9AD /* Debug */ = {
			isa = XCBuildConfiguration;
			baseConfigurationReference = 4F832363E4B127A8603D0875 /* Pods-PurchaseChargebackTests.debug.xcconfig */;
			buildSettings = {
				ALWAYS_EMBED_SWIFT_STANDARD_LIBRARIES = YES;
				BUNDLE_LOADER = "$(TEST_HOST)";
				DEVELOPMENT_TEAM = R8DRDAPLCP;
				INFOPLIST_FILE = PurchaseChargebackTests/Info.plist;
				LD_RUNPATH_SEARCH_PATHS = "$(inherited) @executable_path/Frameworks @loader_path/Frameworks";
				PRODUCT_BUNDLE_IDENTIFIER = com.lilohass.PurchaseChargebackTests;
				PRODUCT_NAME = "$(TARGET_NAME)";
				SWIFT_VERSION = 3.0;
				TEST_HOST = "$(BUILT_PRODUCTS_DIR)/PurchaseChargeback.app/PurchaseChargeback";
			};
			name = Debug;
		};
		3D54BD7A1EAB88D6000CC9AD /* Release */ = {
			isa = XCBuildConfiguration;
			baseConfigurationReference = BE5A0EE7DE879B65B40F3E0F /* Pods-PurchaseChargebackTests.release.xcconfig */;
			buildSettings = {
				ALWAYS_EMBED_SWIFT_STANDARD_LIBRARIES = YES;
				BUNDLE_LOADER = "$(TEST_HOST)";
				DEVELOPMENT_TEAM = R8DRDAPLCP;
				INFOPLIST_FILE = PurchaseChargebackTests/Info.plist;
				LD_RUNPATH_SEARCH_PATHS = "$(inherited) @executable_path/Frameworks @loader_path/Frameworks";
				PRODUCT_BUNDLE_IDENTIFIER = com.lilohass.PurchaseChargebackTests;
				PRODUCT_NAME = "$(TARGET_NAME)";
				SWIFT_VERSION = 3.0;
				TEST_HOST = "$(BUILT_PRODUCTS_DIR)/PurchaseChargeback.app/PurchaseChargeback";
			};
			name = Release;
		};
/* End XCBuildConfiguration section */

/* Begin XCConfigurationList section */
		3D54BD481EAB88D6000CC9AD /* Build configuration list for PBXProject "PurchaseChargeback" */ = {
			isa = XCConfigurationList;
			buildConfigurations = (
				3D54BD731EAB88D6000CC9AD /* Debug */,
				3D54BD741EAB88D6000CC9AD /* Release */,
			);
			defaultConfigurationIsVisible = 0;
			defaultConfigurationName = Release;
		};
		3D54BD751EAB88D6000CC9AD /* Build configuration list for PBXNativeTarget "PurchaseChargeback" */ = {
			isa = XCConfigurationList;
			buildConfigurations = (
				3D54BD761EAB88D6000CC9AD /* Debug */,
				3D54BD771EAB88D6000CC9AD /* Release */,
			);
			defaultConfigurationIsVisible = 0;
			defaultConfigurationName = Release;
		};
		3D54BD781EAB88D6000CC9AD /* Build configuration list for PBXNativeTarget "PurchaseChargebackTests" */ = {
			isa = XCConfigurationList;
			buildConfigurations = (
				3D54BD791EAB88D6000CC9AD /* Debug */,
				3D54BD7A1EAB88D6000CC9AD /* Release */,
			);
			defaultConfigurationIsVisible = 0;
			defaultConfigurationName = Release;
		};
/* End XCConfigurationList section */
	};
	rootObject = 3D54BD451EAB88D6000CC9AD /* Project object */;
}
